{
  "name": "miniprogram",
  "version": "1.0.0",
  "lockfileVersion": 1,
  "requires": true,
  "dependencies": {
    "@vant/weapp": {
      "version": "1.6.3",
      "resolved": "https://registry.npmjs.org/@vant/weapp/-/weapp-1.6.3.tgz",
      "integrity": "sha512-XlyaJNrYXqnhGthF5lm3xnrDRj/u8PtyJ9zZZE1P/lOEt8oTqgGXOqXt2C6sojXe56fHYLOzZX5a4Vr4s3M+9g=="
    }
  }
}
